
Microsoft Visual Studio Solution File, Format Version 12.00
# Visual Studio Version 17
VisualStudioVersion = 17.0.32112.339
MinimumVisualStudioVersion = 10.0.40219.1
Project("{FAE04EC0-301F-11D3-BF4B-00C04F79EFBC}") = "example", "example\example.csproj", "{A08E9CE9-2291-4C8B-B5BF-51CD3054E464}"
EndProject
Global
	GlobalSection(SolutionConfigurationPlatforms) = preSolution
		Debug|Any CPU = Debug|Any CPU
		Release|Any CPU = Release|Any CPU
	EndGlobalSection
	GlobalSection(ProjectConfigurationPlatforms) = postSolution
		{A08E9CE9-2291-4C8B-B5BF-51CD3054E464}.Debug|Any CPU.ActiveCfg = Debug|Any CPU
		{A08E9CE9-2291-4C8B-B5BF-51CD3054E464}.Debug|Any CPU.Build.0 = Debug|Any CPU
		{A08E9CE9-2291-4C8B-B5BF-51CD3054E464}.Release|Any CPU.ActiveCfg = Release|Any CPU
		{A08E9CE9-2291-4C8B-B5BF-51CD3054E464}.Release|Any CPU.Build.0 = Release|Any CPU
	EndGlobalSection
	GlobalSection(SolutionProperties) = preSolution
		HideSolutionNode = FALSE
	EndGlobalSection
	GlobalSection(ExtensibilityGlobals) = postSolution
		SolutionGuid = {7F3E37B3-BF06-472B-B83A-5F25C1F8F84A}
	EndGlobalSection
EndGlobal
